
Microsoft Visual Studio Solution File, Format Version 12.00
# Visual Studio 15
VisualStudioVersion = 15.0.28010.2026
MinimumVisualStudioVersion = 10.0.40219.1
Project("{9A19103F-16F7-4668-BE54-9A1E7A4F7556}") = "CxAPI_Core", "CxAPI_Core\CxAPI_Core.csproj", "{76CFD262-00B6-4F64-8BC7-ED5913C7C5A6}"
EndProject
Global
	GlobalSection(SolutionConfigurationPlatforms) = preSolution
		Debug|Any CPU = Debug|Any CPU
		Release|Any CPU = Release|Any CPU
	EndGlobalSection
	GlobalSection(ProjectConfigurationPlatforms) = postSolution
		{76CFD262-00B6-4F64-8BC7-ED5913C7C5A6}.Debug|Any CPU.ActiveCfg = Debug|Any CPU
		{76CFD262-00B6-4F64-8BC7-ED5913C7C5A6}.Debug|Any CPU.Build.0 = Debug|Any CPU
		{76CFD262-00B6-4F64-8BC7-ED5913C7C5A6}.Release|Any CPU.ActiveCfg = Release|Any CPU
		{76CFD262-00B6-4F64-8BC7-ED5913C7C5A6}.Release|Any CPU.Build.0 = Release|Any CPU
	EndGlobalSection
	GlobalSection(SolutionProperties) = preSolution
		HideSolutionNode = FALSE
	EndGlobalSection
	GlobalSection(ExtensibilityGlobals) = postSolution
		SolutionGuid = {0A310353-91C7-49B5-B08E-7C7C054D0463}
	EndGlobalSection
EndGlobal
